
Microsoft Visual Studio Solution File, Format Version 12.00
# Visual Studio Version 17
VisualStudioVersion = 17.0.31903.59
MinimumVisualStudioVersion = 10.0.40219.1
Project("{FAE04EC0-301F-11D3-BF4B-00C04F79EFBC}") = "SellerMarket", "SellerMarket\SellerMarket.csproj", "{78EF997C-C115-4D2F-AFA3-F47A5B5FA849}"
EndProject
Global
	GlobalSection(SolutionConfigurationPlatforms) = preSolution
		Debug|Any CPU = Debug|Any CPU
		Release|Any CPU = Release|Any CPU
	EndGlobalSection
	GlobalSection(ProjectConfigurationPlatforms) = postSolution
		{78EF997C-C115-4D2F-AFA3-F47A5B5FA849}.Debug|Any CPU.ActiveCfg = Debug|Any CPU
		{78EF997C-C115-4D2F-AFA3-F47A5B5FA849}.Debug|Any CPU.Build.0 = Debug|Any CPU
		{78EF997C-C115-4D2F-AFA3-F47A5B5FA849}.Release|Any CPU.ActiveCfg = Release|Any CPU
		{78EF997C-C115-4D2F-AFA3-F47A5B5FA849}.Release|Any CPU.Build.0 = Release|Any CPU
	EndGlobalSection
	GlobalSection(SolutionProperties) = preSolution
		HideSolutionNode = FALSE
	EndGlobalSection
	GlobalSection(ExtensibilityGlobals) = postSolution
		SolutionGuid = {AB528FEB-61C6-4DF8-85B7-AE4188AB0DD7}
	EndGlobalSection
EndGlobal
